// !$*UTF8*$!
{
	archiveVersion = 1;
	classes = {
	};
	objectVersion = 55;
	objects = {

/* Begin PBXBuildFile section */
		6B1A50C628A10F0900E249B7 /* NetworkWorker.swift in Sources */ = {isa = PBXBuildFile; fileRef = 6B1A50C528A10F0900E249B7 /* NetworkWorker.swift */; };
		6B1A50C828A10F4200E249B7 /* UIViewController+Extensions.swift in Sources */ = {isa = PBXBuildFile; fileRef = 6B1A50C728A10F4200E249B7 /* UIViewController+Extensions.swift */; };
		6B1A50CB28A10F8400E249B7 /* User.swift in Sources */ = {isa = PBXBuildFile; fileRef = 6B1A50CA28A10F8400E249B7 /* User.swift */; };
		6B1A50CE28A1112400E249B7 /* IMainViewModel.swift in Sources */ = {isa = PBXBuildFile; fileRef = 6B1A50CD28A1112400E249B7 /* IMainViewModel.swift */; };
		6B1A50D028A1116900E249B7 /* MainViewModelImpl.swift in Sources */ = {isa = PBXBuildFile; fileRef = 6B1A50CF28A1116900E249B7 /* MainViewModelImpl.swift */; };
		6B1A50D228A14C6100E249B7 /* Adress.swift in Sources */ = {isa = PBXBuildFile; fileRef = 6B1A50D128A14C6100E249B7 /* Adress.swift */; };
		6B1A50D428A14EE100E249B7 /* INetworkWorker.swift in Sources */ = {isa = PBXBuildFile; fileRef = 6B1A50D328A14EE100E249B7 /* INetworkWorker.swift */; };
		6B1A50D628A14F4200E249B7 /* NetworkErrors.swift in Sources */ = {isa = PBXBuildFile; fileRef = 6B1A50D528A14F4200E249B7 /* NetworkErrors.swift */; };
		6B1A50D828A15D2100E249B7 /* BaseViewModel.swift in Sources */ = {isa = PBXBuildFile; fileRef = 6B1A50D728A15D2100E249B7 /* BaseViewModel.swift */; };
		6B98E94428A10746001EEEA8 /* AppDelegate.swift in Sources */ = {isa = PBXBuildFile; fileRef = 6B98E94328A10746001EEEA8 /* AppDelegate.swift */; };
		6B98E94628A10746001EEEA8 /* SceneDelegate.swift in Sources */ = {isa = PBXBuildFile; fileRef = 6B98E94528A10746001EEEA8 /* SceneDelegate.swift */; };
		6B98E94828A10746001EEEA8 /* MainViewController.swift in Sources */ = {isa = PBXBuildFile; fileRef = 6B98E94728A10746001EEEA8 /* MainViewController.swift */; };
		6B98E94D28A10749001EEEA8 /* Assets.xcassets in Resources */ = {isa = PBXBuildFile; fileRef = 6B98E94C28A10749001EEEA8 /* Assets.xcassets */; };
		6B98E95028A10749001EEEA8 /* LaunchScreen.storyboard in Resources */ = {isa = PBXBuildFile; fileRef = 6B98E94E28A10749001EEEA8 /* LaunchScreen.storyboard */; };
		8403351528A1B330000E8F0C /* UserCellViewModel.swift in Sources */ = {isa = PBXBuildFile; fileRef = 8403351428A1B330000E8F0C /* UserCellViewModel.swift */; };
		8403351728A1B386000E8F0C /* UserTableViewCell.swift in Sources */ = {isa = PBXBuildFile; fileRef = 8403351628A1B386000E8F0C /* UserTableViewCell.swift */; };
		8403351928A1B3BE000E8F0C /* UserTableViewCell.xib in Resources */ = {isa = PBXBuildFile; fileRef = 8403351828A1B3BE000E8F0C /* UserTableViewCell.xib */; };
		8420F22528ADA3710054B1D2 /* ICombineViewModel.swift in Sources */ = {isa = PBXBuildFile; fileRef = 8420F22428ADA3710054B1D2 /* ICombineViewModel.swift */; };
		8420F22728ADA3A90054B1D2 /* CombineViewModelImpl.swift in Sources */ = {isa = PBXBuildFile; fileRef = 8420F22628ADA3A90054B1D2 /* CombineViewModelImpl.swift */; };
		8420F22928ADA40E0054B1D2 /* CombineViewController.swift in Sources */ = {isa = PBXBuildFile; fileRef = 8420F22828ADA40E0054B1D2 /* CombineViewController.swift */; };
		8420F22D28ADA5140054B1D2 /* PostTableViewCell.swift in Sources */ = {isa = PBXBuildFile; fileRef = 8420F22B28ADA5140054B1D2 /* PostTableViewCell.swift */; };
		8420F22E28ADA5140054B1D2 /* PostTableViewCell.xib in Resources */ = {isa = PBXBuildFile; fileRef = 8420F22C28ADA5140054B1D2 /* PostTableViewCell.xib */; };
		8420F23028ADA52E0054B1D2 /* PostTableViewModel.swift in Sources */ = {isa = PBXBuildFile; fileRef = 8420F22F28ADA52E0054B1D2 /* PostTableViewModel.swift */; };
		845BD54928AD991F007889EB /* Post.swift in Sources */ = {isa = PBXBuildFile; fileRef = 845BD54828AD991F007889EB /* Post.swift */; };
		846AE0E728AFAE2700189296 /* Album.swift in Sources */ = {isa = PBXBuildFile; fileRef = 846AE0E628AFAE2700189296 /* Album.swift */; };
		87C19FE689B0139FA723E681 /* libPods-CombineObjectMapper.a in Frameworks */ = {isa = PBXBuildFile; fileRef = 747F93537BBBCE260E8B6D59 /* libPods-CombineObjectMapper.a */; };
/* End PBXBuildFile section */

/* Begin PBXFileReference section */
		6B1A50C528A10F0900E249B7 /* NetworkWorker.swift */ = {isa = PBXFileReference; lastKnownFileType = sourcecode.swift; path = NetworkWorker.swift; sourceTree = "<group>"; };
		6B1A50C728A10F4200E249B7 /* UIViewController+Extensions.swift */ = {isa = PBXFileReference; lastKnownFileType = sourcecode.swift; path = "UIViewController+Extensions.swift"; sourceTree = "<group>"; };
		6B1A50CA28A10F8400E249B7 /* User.swift */ = {isa = PBXFileReference; lastKnownFileType = sourcecode.swift; path = User.swift; sourceTree = "<group>"; };
		6B1A50CD28A1112400E249B7 /* IMainViewModel.swift */ = {isa = PBXFileReference; lastKnownFileType = sourcecode.swift; path = IMainViewModel.swift; sourceTree = "<group>"; };
		6B1A50CF28A1116900E249B7 /* MainViewModelImpl.swift */ = {isa = PBXFileReference; lastKnownFileType = sourcecode.swift; path = MainViewModelImpl.swift; sourceTree = "<group>"; };
		6B1A50D128A14C6100E249B7 /* Adress.swift */ = {isa = PBXFileReference; lastKnownFileType = sourcecode.swift; path = Adress.swift; sourceTree = "<group>"; };
		6B1A50D328A14EE100E249B7 /* INetworkWorker.swift */ = {isa = PBXFileReference; lastKnownFileType = sourcecode.swift; path = INetworkWorker.swift; sourceTree = "<group>"; };
		6B1A50D528A14F4200E249B7 /* NetworkErrors.swift */ = {isa = PBXFileReference; lastKnownFileType = sourcecode.swift; path = NetworkErrors.swift; sourceTree = "<group>"; };
		6B1A50D728A15D2100E249B7 /* BaseViewModel.swift */ = {isa = PBXFileReference; lastKnownFileType = sourcecode.swift; path = BaseViewModel.swift; sourceTree = "<group>"; };
		6B98E94028A10746001EEEA8 /* CombineObjectMapper.app */ = {isa = PBXFileReference; explicitFileType = wrapper.application; includeInIndex = 0; path = CombineObjectMapper.app; sourceTree = BUILT_PRODUCTS_DIR; };
		6B98E94328A10746001EEEA8 /* AppDelegate.swift */ = {isa = PBXFileReference; lastKnownFileType = sourcecode.swift; path = AppDelegate.swift; sourceTree = "<group>"; };
		6B98E94528A10746001EEEA8 /* SceneDelegate.swift */ = {isa = PBXFileReference; lastKnownFileType = sourcecode.swift; path = SceneDelegate.swift; sourceTree = "<group>"; };
		6B98E94728A10746001EEEA8 /* MainViewController.swift */ = {isa = PBXFileReference; lastKnownFileType = sourcecode.swift; path = MainViewController.swift; sourceTree = "<group>"; };
		6B98E94C28A10749001EEEA8 /* Assets.xcassets */ = {isa = PBXFileReference; lastKnownFileType = folder.assetcatalog; path = Assets.xcassets; sourceTree = "<group>"; };
		6B98E94F28A10749001EEEA8 /* Base */ = {isa = PBXFileReference; lastKnownFileType = file.storyboard; name = Base; path = Base.lproj/LaunchScreen.storyboard; sourceTree = "<group>"; };
		6B98E95128A10749001EEEA8 /* CombineObj-M-Info.plist */ = {isa = PBXFileReference; lastKnownFileType = text.plist.xml; path = "CombineObj-M-Info.plist"; sourceTree = "<group>"; };
		747F93537BBBCE260E8B6D59 /* libPods-CombineObjectMapper.a */ = {isa = PBXFileReference; explicitFileType = archive.ar; includeInIndex = 0; path = "libPods-CombineObjectMapper.a"; sourceTree = BUILT_PRODUCTS_DIR; };
		8403351428A1B330000E8F0C /* UserCellViewModel.swift */ = {isa = PBXFileReference; lastKnownFileType = sourcecode.swift; path = UserCellViewModel.swift; sourceTree = "<group>"; };
		8403351628A1B386000E8F0C /* UserTableViewCell.swift */ = {isa = PBXFileReference; lastKnownFileType = sourcecode.swift; path = UserTableViewCell.swift; sourceTree = "<group>"; };
		8403351828A1B3BE000E8F0C /* UserTableViewCell.xib */ = {isa = PBXFileReference; lastKnownFileType = file.xib; path = UserTableViewCell.xib; sourceTree = "<group>"; };
		8420F22428ADA3710054B1D2 /* ICombineViewModel.swift */ = {isa = PBXFileReference; lastKnownFileType = sourcecode.swift; path = ICombineViewModel.swift; sourceTree = "<group>"; };
		8420F22628ADA3A90054B1D2 /* CombineViewModelImpl.swift */ = {isa = PBXFileReference; lastKnownFileType = sourcecode.swift; path = CombineViewModelImpl.swift; sourceTree = "<group>"; };
		8420F22828ADA40E0054B1D2 /* CombineViewController.swift */ = {isa = PBXFileReference; lastKnownFileType = sourcecode.swift; path = CombineViewController.swift; sourceTree = "<group>"; };
		8420F22B28ADA5140054B1D2 /* PostTableViewCell.swift */ = {isa = PBXFileReference; lastKnownFileType = sourcecode.swift; path = PostTableViewCell.swift; sourceTree = "<group>"; };
		8420F22C28ADA5140054B1D2 /* PostTableViewCell.xib */ = {isa = PBXFileReference; lastKnownFileType = file.xib; path = PostTableViewCell.xib; sourceTree = "<group>"; };
		8420F22F28ADA52E0054B1D2 /* PostTableViewModel.swift */ = {isa = PBXFileReference; lastKnownFileType = sourcecode.swift; path = PostTableViewModel.swift; sourceTree = "<group>"; };
		845BD54828AD991F007889EB /* Post.swift */ = {isa = PBXFileReference; lastKnownFileType = sourcecode.swift; path = Post.swift; sourceTree = "<group>"; };
		846AE0E628AFAE2700189296 /* Album.swift */ = {isa = PBXFileReference; lastKnownFileType = sourcecode.swift; path = Album.swift; sourceTree = "<group>"; };
		9C64FB206E2FF78EAFC7E69C /* Pods-CombineObjectMapper.release.xcconfig */ = {isa = PBXFileReference; includeInIndex = 1; lastKnownFileType = text.xcconfig; name = "Pods-CombineObjectMapper.release.xcconfig"; path = "Target Support Files/Pods-CombineObjectMapper/Pods-CombineObjectMapper.release.xcconfig"; sourceTree = "<group>"; };
		C6F53529386468D3A6DB40A0 /* Pods-CombineObjectMapper.debug.xcconfig */ = {isa = PBXFileReference; includeInIndex = 1; lastKnownFileType = text.xcconfig; name = "Pods-CombineObjectMapper.debug.xcconfig"; path = "Target Support Files/Pods-CombineObjectMapper/Pods-CombineObjectMapper.debug.xcconfig"; sourceTree = "<group>"; };
/* End PBXFileReference section */

/* Begin PBXFrameworksBuildPhase section */
		6B98E93D28A10746001EEEA8 /* Frameworks */ = {
			isa = PBXFrameworksBuildPhase;
			buildActionMask = 2147483647;
			files = (
				87C19FE689B0139FA723E681 /* libPods-CombineObjectMapper.a in Frameworks */,
			);
			runOnlyForDeploymentPostprocessing = 0;
		};
/* End PBXFrameworksBuildPhase section */

/* Begin PBXGroup section */
		4111E145F82B9F21B4E47DEB /* Frameworks */ = {
			isa = PBXGroup;
			children = (
				747F93537BBBCE260E8B6D59 /* libPods-CombineObjectMapper.a */,
			);
			name = Frameworks;
			sourceTree = "<group>";
		};
		68A4837B80176664CCEEF0B7 /* Pods */ = {
			isa = PBXGroup;
			children = (
				C6F53529386468D3A6DB40A0 /* Pods-CombineObjectMapper.debug.xcconfig */,
				9C64FB206E2FF78EAFC7E69C /* Pods-CombineObjectMapper.release.xcconfig */,
			);
			path = Pods;
			sourceTree = "<group>";
		};
		6B0B074D28A10AA300B6D8B0 /* Screens */ = {
			isa = PBXGroup;
			children = (
				6B0B075128A10B3D00B6D8B0 /* ObjectMapper */,
				8420F22228ADA34A0054B1D2 /* Combine */,
			);
			path = Screens;
			sourceTree = "<group>";
		};
		6B0B074E28A10AAF00B6D8B0 /* Network */ = {
			isa = PBXGroup;
			children = (
				6B1A50D328A14EE100E249B7 /* INetworkWorker.swift */,
				6B1A50C528A10F0900E249B7 /* NetworkWorker.swift */,
			);
			path = Network;
			sourceTree = "<group>";
		};
		6B0B074F28A10ABD00B6D8B0 /* Extensions */ = {
			isa = PBXGroup;
			children = (
				6B1A50C728A10F4200E249B7 /* UIViewController+Extensions.swift */,
			);
			path = Extensions;
			sourceTree = "<group>";
		};
		6B0B075028A10B1C00B6D8B0 /* Core */ = {
			isa = PBXGroup;
			children = (
				6B98E94328A10746001EEEA8 /* AppDelegate.swift */,
				6B98E94528A10746001EEEA8 /* SceneDelegate.swift */,
				6B1A50D728A15D2100E249B7 /* BaseViewModel.swift */,
				6B98E95128A10749001EEEA8 /* CombineObj-M-Info.plist */,
			);
			path = Core;
			sourceTree = "<group>";
		};
		6B0B075128A10B3D00B6D8B0 /* ObjectMapper */ = {
			isa = PBXGroup;
			children = (
				6B1A50CC28A110FB00E249B7 /* ViewModel */,
				6B98E94728A10746001EEEA8 /* MainViewController.swift */,
			);
			path = ObjectMapper;
			sourceTree = "<group>";
		};
		6B1A50C928A10F6A00E249B7 /* Models */ = {
			isa = PBXGroup;
			children = (
				6B1A50CA28A10F8400E249B7 /* User.swift */,
				6B1A50D128A14C6100E249B7 /* Adress.swift */,
				845BD54828AD991F007889EB /* Post.swift */,
				6B1A50D528A14F4200E249B7 /* NetworkErrors.swift */,
				846AE0E628AFAE2700189296 /* Album.swift */,
			);
			path = Models;
			sourceTree = "<group>";
		};
		6B1A50CC28A110FB00E249B7 /* ViewModel */ = {
			isa = PBXGroup;
			children = (
				6B1A50CD28A1112400E249B7 /* IMainViewModel.swift */,
				6B1A50CF28A1116900E249B7 /* MainViewModelImpl.swift */,
			);
			path = ViewModel;
			sourceTree = "<group>";
		};
		6B98E93728A10746001EEEA8 = {
			isa = PBXGroup;
			children = (
				6B98E94228A10746001EEEA8 /* CombineObjectMapper */,
				6B98E94128A10746001EEEA8 /* Products */,
				68A4837B80176664CCEEF0B7 /* Pods */,
				4111E145F82B9F21B4E47DEB /* Frameworks */,
			);
			sourceTree = "<group>";
		};
		6B98E94128A10746001EEEA8 /* Products */ = {
			isa = PBXGroup;
			children = (
				6B98E94028A10746001EEEA8 /* CombineObjectMapper.app */,
			);
			name = Products;
			sourceTree = "<group>";
		};
		6B98E94228A10746001EEEA8 /* CombineObjectMapper */ = {
			isa = PBXGroup;
			children = (
				6B0B075028A10B1C00B6D8B0 /* Core */,
				6B0B074D28A10AA300B6D8B0 /* Screens */,
				8403351228A1B2A0000E8F0C /* ReusableCells */,
				6B1A50C928A10F6A00E249B7 /* Models */,
				6B0B074E28A10AAF00B6D8B0 /* Network */,
				6B0B074F28A10ABD00B6D8B0 /* Extensions */,
				6B98E94E28A10749001EEEA8 /* LaunchScreen.storyboard */,
				6B98E94C28A10749001EEEA8 /* Assets.xcassets */,
			);
			path = CombineObjectMapper;
			sourceTree = "<group>";
		};
		8403351228A1B2A0000E8F0C /* ReusableCells */ = {
			isa = PBXGroup;
			children = (
				8420F22A28ADA4F40054B1D2 /* PostCell */,
				8403351328A1B2B4000E8F0C /* UserCell */,
			);
			path = ReusableCells;
			sourceTree = "<group>";
		};
		8403351328A1B2B4000E8F0C /* UserCell */ = {
			isa = PBXGroup;
			children = (
				8403351428A1B330000E8F0C /* UserCellViewModel.swift */,
				8403351628A1B386000E8F0C /* UserTableViewCell.swift */,
				8403351828A1B3BE000E8F0C /* UserTableViewCell.xib */,
			);
			path = UserCell;
			sourceTree = "<group>";
		};
		8420F22228ADA34A0054B1D2 /* Combine */ = {
			isa = PBXGroup;
			children = (
				8420F22328ADA3550054B1D2 /* ViewModel */,
				8420F22828ADA40E0054B1D2 /* CombineViewController.swift */,
			);
			path = Combine;
			sourceTree = "<group>";
		};
		8420F22328ADA3550054B1D2 /* ViewModel */ = {
			isa = PBXGroup;
			children = (
				8420F22428ADA3710054B1D2 /* ICombineViewModel.swift */,
				8420F22628ADA3A90054B1D2 /* CombineViewModelImpl.swift */,
			);
			path = ViewModel;
			sourceTree = "<group>";
		};
		8420F22A28ADA4F40054B1D2 /* PostCell */ = {
			isa = PBXGroup;
			children = (
				8420F22F28ADA52E0054B1D2 /* PostTableViewModel.swift */,
				8420F22B28ADA5140054B1D2 /* PostTableViewCell.swift */,
				8420F22C28ADA5140054B1D2 /* PostTableViewCell.xib */,
			);
			path = PostCell;
			sourceTree = "<group>";
		};
/* End PBXGroup section */

/* Begin PBXNativeTarget section */
		6B98E93F28A10746001EEEA8 /* CombineObjectMapper */ = {
			isa = PBXNativeTarget;
			buildConfigurationList = 6B98E95428A10749001EEEA8 /* Build configuration list for PBXNativeTarget "CombineObjectMapper" */;
			buildPhases = (
				9D3476BAA629BFA61673D276 /* [CP] Check Pods Manifest.lock */,
				6B98E93C28A10746001EEEA8 /* Sources */,
				6B98E93D28A10746001EEEA8 /* Frameworks */,
				6B98E93E28A10746001EEEA8 /* Resources */,
			);
			buildRules = (
			);
			dependencies = (
			);
			name = CombineObjectMapper;
			productName = CombineObjectMapper;
			productReference = 6B98E94028A10746001EEEA8 /* CombineObjectMapper.app */;
			productType = "com.apple.product-type.application";
		};
/* End PBXNativeTarget section */

/* Begin PBXProject section */
		6B98E93828A10746001EEEA8 /* Project object */ = {
			isa = PBXProject;
			attributes = {
				BuildIndependentTargetsInParallel = 1;
				LastSwiftUpdateCheck = 1330;
				LastUpgradeCheck = 1340;
				TargetAttributes = {
					6B98E93F28A10746001EEEA8 = {
						CreatedOnToolsVersion = 13.3;
					};
				};
			};
			buildConfigurationList = 6B98E93B28A10746001EEEA8 /* Build configuration list for PBXProject "CombineObjectMapper" */;
			compatibilityVersion = "Xcode 13.0";
			developmentRegion = en;
			hasScannedForEncodings = 0;
			knownRegions = (
				en,
				Base,
			);
			mainGroup = 6B98E93728A10746001EEEA8;
			productRefGroup = 6B98E94128A10746001EEEA8 /* Products */;
			projectDirPath = "";
			projectRoot = "";
			targets = (
				6B98E93F28A10746001EEEA8 /* CombineObjectMapper */,
			);
		};
/* End PBXProject section */

/* Begin PBXResourcesBuildPhase section */
		6B98E93E28A10746001EEEA8 /* Resources */ = {
			isa = PBXResourcesBuildPhase;
			buildActionMask = 2147483647;
			files = (
				8403351928A1B3BE000E8F0C /* UserTableViewCell.xib in Resources */,
				6B98E95028A10749001EEEA8 /* LaunchScreen.storyboard in Resources */,
				6B98E94D28A10749001EEEA8 /* Assets.xcassets in Resources */,
				8420F22E28ADA5140054B1D2 /* PostTableViewCell.xib in Resources */,
			);
			runOnlyForDeploymentPostprocessing = 0;
		};
/* End PBXResourcesBuildPhase section */

/* Begin PBXShellScriptBuildPhase section */
		9D3476BAA629BFA61673D276 /* [CP] Check Pods Manifest.lock */ = {
			isa = PBXShellScriptBuildPhase;
			buildActionMask = 2147483647;
			files = (
			);
			inputFileListPaths = (
			);
			inputPaths = (
				"${PODS_PODFILE_DIR_PATH}/Podfile.lock",
				"${PODS_ROOT}/Manifest.lock",
			);
			name = "[CP] Check Pods Manifest.lock";
			outputFileListPaths = (
			);
			outputPaths = (
				"$(DERIVED_FILE_DIR)/Pods-CombineObjectMapper-checkManifestLockResult.txt",
			);
			runOnlyForDeploymentPostprocessing = 0;
			shellPath = /bin/sh;
			shellScript = "diff \"${PODS_PODFILE_DIR_PATH}/Podfile.lock\" \"${PODS_ROOT}/Manifest.lock\" > /dev/null\nif [ $? != 0 ] ; then\n    # print error to STDERR\n    echo \"error: The sandbox is not in sync with the Podfile.lock. Run 'pod install' or update your CocoaPods installation.\" >&2\n    exit 1\nfi\n# This output is used by Xcode 'outputs' to avoid re-running this script phase.\necho \"SUCCESS\" > \"${SCRIPT_OUTPUT_FILE_0}\"\n";
			showEnvVarsInLog = 0;
		};
/* End PBXShellScriptBuildPhase section */

/* Begin PBXSourcesBuildPhase section */
		6B98E93C28A10746001EEEA8 /* Sources */ = {
			isa = PBXSourcesBuildPhase;
			buildActionMask = 2147483647;
			files = (
				6B1A50D428A14EE100E249B7 /* INetworkWorker.swift in Sources */,
				6B1A50CB28A10F8400E249B7 /* User.swift in Sources */,
				8403351728A1B386000E8F0C /* UserTableViewCell.swift in Sources */,
				8403351528A1B330000E8F0C /* UserCellViewModel.swift in Sources */,
				8420F22528ADA3710054B1D2 /* ICombineViewModel.swift in Sources */,
				846AE0E728AFAE2700189296 /* Album.swift in Sources */,
				8420F23028ADA52E0054B1D2 /* PostTableViewModel.swift in Sources */,
				8420F22D28ADA5140054B1D2 /* PostTableViewCell.swift in Sources */,
				6B1A50CE28A1112400E249B7 /* IMainViewModel.swift in Sources */,
				8420F22728ADA3A90054B1D2 /* CombineViewModelImpl.swift in Sources */,
				6B98E94828A10746001EEEA8 /* MainViewController.swift in Sources */,
				6B98E94428A10746001EEEA8 /* AppDelegate.swift in Sources */,
				6B1A50D828A15D2100E249B7 /* BaseViewModel.swift in Sources */,
				6B1A50C828A10F4200E249B7 /* UIViewController+Extensions.swift in Sources */,
				845BD54928AD991F007889EB /* Post.swift in Sources */,
				6B1A50D028A1116900E249B7 /* MainViewModelImpl.swift in Sources */,
				6B1A50C628A10F0900E249B7 /* NetworkWorker.swift in Sources */,
				6B1A50D628A14F4200E249B7 /* NetworkErrors.swift in Sources */,
				6B98E94628A10746001EEEA8 /* SceneDelegate.swift in Sources */,
				8420F22928ADA40E0054B1D2 /* CombineViewController.swift in Sources */,
				6B1A50D228A14C6100E249B7 /* Adress.swift in Sources */,
			);
			runOnlyForDeploymentPostprocessing = 0;
		};
/* End PBXSourcesBuildPhase section */

/* Begin PBXVariantGroup section */
		6B98E94E28A10749001EEEA8 /* LaunchScreen.storyboard */ = {
			isa = PBXVariantGroup;
			children = (
				6B98E94F28A10749001EEEA8 /* Base */,
			);
			name = LaunchScreen.storyboard;
			sourceTree = "<group>";
		};
/* End PBXVariantGroup section */

/* Begin XCBuildConfiguration section */
		6B98E95228A10749001EEEA8 /* Debug */ = {
			isa = XCBuildConfiguration;
			buildSettings = {
				ALWAYS_SEARCH_USER_PATHS = NO;
				CLANG_ANALYZER_NONNULL = YES;
				CLANG_ANALYZER_NUMBER_OBJECT_CONVERSION = YES_AGGRESSIVE;
				CLANG_CXX_LANGUAGE_STANDARD = "gnu++17";
				CLANG_ENABLE_MODULES = YES;
				CLANG_ENABLE_OBJC_ARC = YES;
				CLANG_ENABLE_OBJC_WEAK = YES;
				CLANG_WARN_BLOCK_CAPTURE_AUTORELEASING = YES;
				CLANG_WARN_BOOL_CONVERSION = YES;
				CLANG_WARN_COMMA = YES;
				CLANG_WARN_CONSTANT_CONVERSION = YES;
				CLANG_WARN_DEPRECATED_OBJC_IMPLEMENTATIONS = YES;
				CLANG_WARN_DIRECT_OBJC_ISA_USAGE = YES_ERROR;
				CLANG_WARN_DOCUMENTATION_COMMENTS = YES;
				CLANG_WARN_EMPTY_BODY = YES;
				CLANG_WARN_ENUM_CONVERSION = YES;
				CLANG_WARN_INFINITE_RECURSION = YES;
				CLANG_WARN_INT_CONVERSION = YES;
				CLANG_WARN_NON_LITERAL_NULL_CONVERSION = YES;
				CLANG_WARN_OBJC_IMPLICIT_RETAIN_SELF = YES;
				CLANG_WARN_OBJC_LITERAL_CONVERSION = YES;
				CLANG_WARN_OBJC_ROOT_CLASS = YES_ERROR;
				CLANG_WARN_QUOTED_INCLUDE_IN_FRAMEWORK_HEADER = YES;
				CLANG_WARN_RANGE_LOOP_ANALYSIS = YES;
				CLANG_WARN_STRICT_PROTOTYPES = YES;
				CLANG_WARN_SUSPICIOUS_MOVE = YES;
				CLANG_WARN_UNGUARDED_AVAILABILITY = YES_AGGRESSIVE;
				CLANG_WARN_UNREACHABLE_CODE = YES;
				CLANG_WARN__DUPLICATE_METHOD_MATCH = YES;
				COPY_PHASE_STRIP = NO;
				DEBUG_INFORMATION_FORMAT = dwarf;
				ENABLE_STRICT_OBJC_MSGSEND = YES;
				ENABLE_TESTABILITY = YES;
				GCC_C_LANGUAGE_STANDARD = gnu11;
				GCC_DYNAMIC_NO_PIC = NO;
				GCC_NO_COMMON_BLOCKS = YES;
				GCC_OPTIMIZATION_LEVEL = 0;
				GCC_PREPROCESSOR_DEFINITIONS = (
					"DEBUG=1",
					"$(inherited)",
				);
				GCC_WARN_64_TO_32_BIT_CONVERSION = YES;
				GCC_WARN_ABOUT_RETURN_TYPE = YES_ERROR;
				GCC_WARN_UNDECLARED_SELECTOR = YES;
				GCC_WARN_UNINITIALIZED_AUTOS = YES_AGGRESSIVE;
				GCC_WARN_UNUSED_FUNCTION = YES;
				GCC_WARN_UNUSED_VARIABLE = YES;
				IPHONEOS_DEPLOYMENT_TARGET = 14.0;
				MTL_ENABLE_DEBUG_INFO = INCLUDE_SOURCE;
				MTL_FAST_MATH = YES;
				ONLY_ACTIVE_ARCH = YES;
				SDKROOT = iphoneos;
				SWIFT_ACTIVE_COMPILATION_CONDITIONS = DEBUG;
				SWIFT_OPTIMIZATION_LEVEL = "-Onone";
			};
			name = Debug;
		};
		6B98E95328A10749001EEEA8 /* Release */ = {
			isa = XCBuildConfiguration;
			buildSettings = {
				ALWAYS_SEARCH_USER_PATHS = NO;
				CLANG_ANALYZER_NONNULL = YES;
				CLANG_ANALYZER_NUMBER_OBJECT_CONVERSION = YES_AGGRESSIVE;
				CLANG_CXX_LANGUAGE_STANDARD = "gnu++17";
				CLANG_ENABLE_MODULES = YES;
				CLANG_ENABLE_OBJC_ARC = YES;
				CLANG_ENABLE_OBJC_WEAK = YES;
				CLANG_WARN_BLOCK_CAPTURE_AUTORELEASING = YES;
				CLANG_WARN_BOOL_CONVERSION = YES;
				CLANG_WARN_COMMA = YES;
				CLANG_WARN_CONSTANT_CONVERSION = YES;
				CLANG_WARN_DEPRECATED_OBJC_IMPLEMENTATIONS = YES;
				CLANG_WARN_DIRECT_OBJC_ISA_USAGE = YES_ERROR;
				CLANG_WARN_DOCUMENTATION_COMMENTS = YES;
				CLANG_WARN_EMPTY_BODY = YES;
				CLANG_WARN_ENUM_CONVERSION = YES;
				CLANG_WARN_INFINITE_RECURSION = YES;
				CLANG_WARN_INT_CONVERSION = YES;
				CLANG_WARN_NON_LITERAL_NULL_CONVERSION = YES;
				CLANG_WARN_OBJC_IMPLICIT_RETAIN_SELF = YES;
				CLANG_WARN_OBJC_LITERAL_CONVERSION = YES;
				CLANG_WARN_OBJC_ROOT_CLASS = YES_ERROR;
				CLANG_WARN_QUOTED_INCLUDE_IN_FRAMEWORK_HEADER = YES;
				CLANG_WARN_RANGE_LOOP_ANALYSIS = YES;
				CLANG_WARN_STRICT_PROTOTYPES = YES;
				CLANG_WARN_SUSPICIOUS_MOVE = YES;
				CLANG_WARN_UNGUARDED_AVAILABILITY = YES_AGGRESSIVE;
				CLANG_WARN_UNREACHABLE_CODE = YES;
				CLANG_WARN__DUPLICATE_METHOD_MATCH = YES;
				COPY_PHASE_STRIP = NO;
				DEBUG_INFORMATION_FORMAT = "dwarf-with-dsym";
				ENABLE_NS_ASSERTIONS = NO;
				ENABLE_STRICT_OBJC_MSGSEND = YES;
				GCC_C_LANGUAGE_STANDARD = gnu11;
				GCC_NO_COMMON_BLOCKS = YES;
				GCC_WARN_64_TO_32_BIT_CONVERSION = YES;
				GCC_WARN_ABOUT_RETURN_TYPE = YES_ERROR;
				GCC_WARN_UNDECLARED_SELECTOR = YES;
				GCC_WARN_UNINITIALIZED_AUTOS = YES_AGGRESSIVE;
				GCC_WARN_UNUSED_FUNCTION = YES;
				GCC_WARN_UNUSED_VARIABLE = YES;
				IPHONEOS_DEPLOYMENT_TARGET = 14.0;
				MTL_ENABLE_DEBUG_INFO = NO;
				MTL_FAST_MATH = YES;
				SDKROOT = iphoneos;
				SWIFT_COMPILATION_MODE = wholemodule;
				SWIFT_OPTIMIZATION_LEVEL = "-O";
				VALIDATE_PRODUCT = YES;
			};
			name = Release;
		};
		6B98E95528A10749001EEEA8 /* Debug */ = {
			isa = XCBuildConfiguration;
			baseConfigurationReference = C6F53529386468D3A6DB40A0 /* Pods-CombineObjectMapper.debug.xcconfig */;
			buildSettings = {
				ASSETCATALOG_COMPILER_APPICON_NAME = AppIcon;
				ASSETCATALOG_COMPILER_GLOBAL_ACCENT_COLOR_NAME = AccentColor;
				CODE_SIGN_STYLE = Automatic;
				CURRENT_PROJECT_VERSION = 1;
				DEVELOPMENT_TEAM = ZG6975UKG7;
				GENERATE_INFOPLIST_FILE = YES;
				INFOPLIST_FILE = "CombineObjectMapper/Core/CombineObj-M-Info.plist";
				INFOPLIST_KEY_UIApplicationSupportsIndirectInputEvents = YES;
				INFOPLIST_KEY_UILaunchStoryboardName = LaunchScreen;
				INFOPLIST_KEY_UISupportedInterfaceOrientations = UIInterfaceOrientationPortrait;
				INFOPLIST_KEY_UISupportedInterfaceOrientations_iPad = "UIInterfaceOrientationPortrait UIInterfaceOrientationPortraitUpsideDown UIInterfaceOrientationLandscapeLeft UIInterfaceOrientationLandscapeRight";
				INFOPLIST_KEY_UISupportedInterfaceOrientations_iPhone = "UIInterfaceOrientationPortrait UIInterfaceOrientationLandscapeLeft UIInterfaceOrientationLandscapeRight";
				IPHONEOS_DEPLOYMENT_TARGET = 14.0;
				LD_RUNPATH_SEARCH_PATHS = (
					"$(inherited)",
					"@executable_path/Frameworks",
				);
				MARKETING_VERSION = 1.0;
				PRODUCT_BUNDLE_IDENTIFIER = com.objMapperCombine.exmpl.CombineObjectMapper;
				PRODUCT_NAME = "$(TARGET_NAME)";
				SWIFT_EMIT_LOC_STRINGS = YES;
				SWIFT_VERSION = 5.0;
				TARGETED_DEVICE_FAMILY = 1;
			};
			name = Debug;
		};
		6B98E95628A10749001EEEA8 /* Release */ = {
			isa = XCBuildConfiguration;
			baseConfigurationReference = 9C64FB206E2FF78EAFC7E69C /* Pods-CombineObjectMapper.release.xcconfig */;
			buildSettings = {
				ASSETCATALOG_COMPILER_APPICON_NAME = AppIcon;
				ASSETCATALOG_COMPILER_GLOBAL_ACCENT_COLOR_NAME = AccentColor;
				CODE_SIGN_STYLE = Automatic;
				CURRENT_PROJECT_VERSION = 1;
				DEVELOPMENT_TEAM = ZG6975UKG7;
				GENERATE_INFOPLIST_FILE = YES;
				INFOPLIST_FILE = "CombineObjectMapper/Core/CombineObj-M-Info.plist";
				INFOPLIST_KEY_UIApplicationSupportsIndirectInputEvents = YES;
				INFOPLIST_KEY_UILaunchStoryboardName = LaunchScreen;
				INFOPLIST_KEY_UISupportedInterfaceOrientations = UIInterfaceOrientationPortrait;
				INFOPLIST_KEY_UISupportedInterfaceOrientations_iPad = "UIInterfaceOrientationPortrait UIInterfaceOrientationPortraitUpsideDown UIInterfaceOrientationLandscapeLeft UIInterfaceOrientationLandscapeRight";
				INFOPLIST_KEY_UISupportedInterfaceOrientations_iPhone = "UIInterfaceOrientationPortrait UIInterfaceOrientationLandscapeLeft UIInterfaceOrientationLandscapeRight";
				IPHONEOS_DEPLOYMENT_TARGET = 14.0;
				LD_RUNPATH_SEARCH_PATHS = (
					"$(inherited)",
					"@executable_path/Frameworks",
				);
				MARKETING_VERSION = 1.0;
				PRODUCT_BUNDLE_IDENTIFIER = com.objMapperCombine.exmpl.CombineObjectMapper;
				PRODUCT_NAME = "$(TARGET_NAME)";
				SWIFT_EMIT_LOC_STRINGS = YES;
				SWIFT_VERSION = 5.0;
				TARGETED_DEVICE_FAMILY = 1;
			};
			name = Release;
		};
/* End XCBuildConfiguration section */

/* Begin XCConfigurationList section */
		6B98E93B28A10746001EEEA8 /* Build configuration list for PBXProject "CombineObjectMapper" */ = {
			isa = XCConfigurationList;
			buildConfigurations = (
				6B98E95228A10749001EEEA8 /* Debug */,
				6B98E95328A10749001EEEA8 /* Release */,
			);
			defaultConfigurationIsVisible = 0;
			defaultConfigurationName = Release;
		};
		6B98E95428A10749001EEEA8 /* Build configuration list for PBXNativeTarget "CombineObjectMapper" */ = {
			isa = XCConfigurationList;
			buildConfigurations = (
				6B98E95528A10749001EEEA8 /* Debug */,
				6B98E95628A10749001EEEA8 /* Release */,
			);
			defaultConfigurationIsVisible = 0;
			defaultConfigurationName = Release;
		};
/* End XCConfigurationList section */
	};
	rootObject = 6B98E93828A10746001EEEA8 /* Project object */;
}
